{
  "name": "junze",
  "version": "1.0.0",
  "lockfileVersion": 1,
  "requires": true,
  "dependencies": {
    "random": {
      "version": "3.0.6",
      "resolved": "https://registry.nlark.com/random/download/random-3.0.6.tgz",
      "integrity": "sha1-yRjpSY3uRhr/3nKYbHmsTZ70hs8=",
      "requires": {
        "seedrandom": "^3.0.5"
      }
    },
    "seedrandom": {
      "version": "3.0.5",
      "resolved": "https://registry.npm.taobao.org/seedrandom/download/seedrandom-3.0.5.tgz",
      "integrity": "sha1-VO3IXJUiJSWwx6b2s1Q9jgs6oKc="
    }
  }
}
